
Microsoft Visual Studio Solution File, Format Version 12.00
# Visual Studio Version 17
VisualStudioVersion = 17.9.34728.123
MinimumVisualStudioVersion = 10.0.40219.1
Project("{9A19103F-16F7-4668-BE54-9A1E7A4F7556}") = "StudentAdmissionAppApi", "StudentAdmissionAppApi\StudentAdmissionAppApi.csproj", "{1853C545-4A69-4EAE-BEC5-A42EBEE7F329}"
EndProject
Project("{FAE04EC0-301F-11D3-BF4B-00C04F79EFBC}") = "StudentAdmissionMVC", "StudentAdmissionMVC\StudentAdmissionMVC.csproj", "{5562142D-51AB-478E-9478-97E63674A797}"
EndProject
Global
	GlobalSection(SolutionConfigurationPlatforms) = preSolution
		Debug|Any CPU = Debug|Any CPU
		Release|Any CPU = Release|Any CPU
	EndGlobalSection
	GlobalSection(ProjectConfigurationPlatforms) = postSolution
		{1853C545-4A69-4EAE-BEC5-A42EBEE7F329}.Debug|Any CPU.ActiveCfg = Debug|Any CPU
		{1853C545-4A69-4EAE-BEC5-A42EBEE7F329}.Debug|Any CPU.Build.0 = Debug|Any CPU
		{1853C545-4A69-4EAE-BEC5-A42EBEE7F329}.Release|Any CPU.ActiveCfg = Release|Any CPU
		{1853C545-4A69-4EAE-BEC5-A42EBEE7F329}.Release|Any CPU.Build.0 = Release|Any CPU
		{5562142D-51AB-478E-9478-97E63674A797}.Debug|Any CPU.ActiveCfg = Debug|Any CPU
		{5562142D-51AB-478E-9478-97E63674A797}.Debug|Any CPU.Build.0 = Debug|Any CPU
		{5562142D-51AB-478E-9478-97E63674A797}.Release|Any CPU.ActiveCfg = Release|Any CPU
		{5562142D-51AB-478E-9478-97E63674A797}.Release|Any CPU.Build.0 = Release|Any CPU
	EndGlobalSection
	GlobalSection(SolutionProperties) = preSolution
		HideSolutionNode = FALSE
	EndGlobalSection
	GlobalSection(ExtensibilityGlobals) = postSolution
		SolutionGuid = {EF1EB1C4-378B-47C4-A1EE-4CB63ECFD701}
	EndGlobalSection
EndGlobal
